
Microsoft Visual Studio Solution File, Format Version 12.00
# Visual Studio Version 17
VisualStudioVersion = 17.7.34031.279
MinimumVisualStudioVersion = 10.0.40219.1
Project("{FAE04EC0-301F-11D3-BF4B-00C04F79EFBC}") = "PruebaArrays", "PruebaArrays\PruebaArrays.csproj", "{744E8F64-10F2-4FA3-A436-F2E2B806CDB0}"
EndProject
Global
	GlobalSection(SolutionConfigurationPlatforms) = preSolution
		Debug|Any CPU = Debug|Any CPU
		Release|Any CPU = Release|Any CPU
	EndGlobalSection
	GlobalSection(ProjectConfigurationPlatforms) = postSolution
		{744E8F64-10F2-4FA3-A436-F2E2B806CDB0}.Debug|Any CPU.ActiveCfg = Debug|Any CPU
		{744E8F64-10F2-4FA3-A436-F2E2B806CDB0}.Debug|Any CPU.Build.0 = Debug|Any CPU
		{744E8F64-10F2-4FA3-A436-F2E2B806CDB0}.Release|Any CPU.ActiveCfg = Release|Any CPU
		{744E8F64-10F2-4FA3-A436-F2E2B806CDB0}.Release|Any CPU.Build.0 = Release|Any CPU
	EndGlobalSection
	GlobalSection(SolutionProperties) = preSolution
		HideSolutionNode = FALSE
	EndGlobalSection
	GlobalSection(ExtensibilityGlobals) = postSolution
		SolutionGuid = {E125CE51-C46E-4BB8-9723-3C2E7370CB6E}
	EndGlobalSection
EndGlobal
